{
  "lockfileVersion": 1,
  "configVersion": 1,
  "workspaces": {
    "": {
      "name": "@glenn123/pantry-test-oidc",
      "devDependencies": {
        "@types/node": "^22.0.0",
        "bun-git-hooks": "^0.3.1",
        "typescript": "^5.7.0",
      },
    },
    "packages/cli": {
      "name": "@glenn123/pantry-cli",
      "version": "0.3.1",
      "bin": {
        "pantry-greet": "./dist/cli.js",
      },
      "dependencies": {
        "@glenn123/pantry-core": "workspace:*",
      },
    },
    "packages/core": {
      "name": "@glenn123/pantry-core",
      "version": "0.3.1",
    },
  },
  "packages": {
    "@glenn123/pantry-cli": ["@glenn123/pantry-cli@workspace:packages/cli"],

    "@glenn123/pantry-core": ["@glenn123/pantry-core@workspace:packages/core"],

    "@types/node": ["@types/node@22.19.17", "", { "dependencies": { "undici-types": "~6.21.0" } }, "sha512-wGdMcf+vPYM6jikpS/qhg6WiqSV/OhG+jeeHT/KlVqxYfD40iYJf9/AE1uQxVWFvU7MipKRkRv8NSHiCGgPr8Q=="],

    "bun-git-hooks": ["bun-git-hooks@0.3.1", "", { "bin": { "git-hooks": "dist/bin/cli.js", "bun-git-hooks": "dist/bin/cli.js" } }, "sha512-Xs/QUqIYgBmLHSVr5VBLVbM5lZbUoAXKX2WZyoQDb2LlzcxC3BpBvMkMTQH75UuOJZwaRBq8yEe4IR6NckqdgQ=="],

    "typescript": ["typescript@5.9.3", "", { "bin": { "tsc": "bin/tsc", "tsserver": "bin/tsserver" } }, "sha512-jl1vZzPDinLr9eUt3J/t7V6FgNEw9QjvBPdysz9KfQDD41fQrC2Y4vKQdiaUpFT4bXlb1RHhLpp8wtm6M5TgSw=="],

    "undici-types": ["undici-types@6.21.0", "", {}, "sha512-iwDZqg0QAGrg9Rav5H4n0M64c3mkR59cJ6wQp+7C4nI0gsmExaedaYLNO44eT4AtBBwjbTiGPMlt2Md0T9H9JQ=="],
  }
}
